<?xml version="1.0" encoding="utf-8"?>
<Project ToolsVersion="4.0" xmlns="http://schemas.microsoft.com/developer/msbuild/2003">
  <ItemGroup>
    <Filter Include="Private">
      <UniqueIdentifier>{hfko3rwr-at331-79pdi-96zt2-swgnr8fhapm9}</UniqueIdentifier>
    </Filter>
    <Filter Include="Private\Core">
      <UniqueIdentifier>{y7sbahli-f3gl3-9ancy-plhus-z6ijygrr6awe}</UniqueIdentifier>
    </Filter>
    <Filter Include="Private\ECS">
      <UniqueIdentifier>{ifm72rm1-pmljm-6yic8-12mdk-b5rcinsffpk2}</UniqueIdentifier>
    </Filter>
    <Filter Include="Private\UI">
      <UniqueIdentifier>{cd4uozp6-8opub-7yr6p-esp1c-uro4j82679xp}</UniqueIdentifier>
    </Filter>
    <Filter Include="Public">
      <UniqueIdentifier>{xnjnubla-n060a-i16ru-4zcbr-b2zx58gz80eg}</UniqueIdentifier>
    </Filter>
    <Filter Include="Public\Core">
      <UniqueIdentifier>{smlreuiu-3a08o-f1yb8-j1h6x-945a7j6n5etj}</UniqueIdentifier>
    </Filter>
    <Filter Include="Public\ECS">
      <UniqueIdentifier>{c26d549s-951zg-scg4y-kiipf-031e2itwfajc}</UniqueIdentifier>
    </Filter>
    <Filter Include="Public\UI">
      <UniqueIdentifier>{d3goutr6-56cm0-fjsok-yuewu-1xxtmljcr41j}</UniqueIdentifier>
    </Filter>
    <Filter Include="Private\Core\GameModes">
      <UniqueIdentifier>{7d9c4643-3d22-48d7-9e79-98df28e3d64b}</UniqueIdentifier>
    </Filter>
    <Filter Include="Public\Core\GameModes">
      <UniqueIdentifier>{346222f4-5165-46da-86df-cc6a2f047881}</UniqueIdentifier>
    </Filter>
    <Filter Include="Public\UI\Widgets">
      <UniqueIdentifier>{f78d3a36-9ae5-40e9-bc72-d0ad629d54a5}</UniqueIdentifier>
    </Filter>
    <Filter Include="Private\UI\Widgets">
      <UniqueIdentifier>{347c002f-9c75-426c-87f5-e38352014038}</UniqueIdentifier>
    </Filter>
    <Filter Include="Public\ECS\Units">
      <UniqueIdentifier>{0fe5fb12-3817-41a4-a01d-6d60a3b95036}</UniqueIdentifier>
    </Filter>
    <Filter Include="Private\ECS\Units">
      <UniqueIdentifier>{2fc09783-4e91-4762-ae87-77dc44ae25e6}</UniqueIdentifier>
    </Filter>
  </ItemGroup>
  <ItemGroup>
    <ClInclude Include="Source\GamePCH.h">
      <Filter>
      </Filter>
    </ClInclude>
    <ClInclude Include="Source\Public\Core\RTSGameEngine.h">
      <Filter>Public\Core</Filter>
    </ClInclude>
    <ClInclude Include="Source\Public\ECS\UnitBase.h">
      <Filter>Public\ECS</Filter>
    </ClInclude>
    <ClInclude Include="Source\Public\ECS\UnitFactoryBase.h">
      <Filter>Public\ECS</Filter>
    </ClInclude>
    <ClInclude Include="Source\Public\Project.h">
      <Filter>Public</Filter>
    </ClInclude>
    <ClInclude Include="Source\Public\Core\GameModes\RTSGameMode.h">
      <Filter>Public\Core\GameModes</Filter>
    </ClInclude>
    <ClInclude Include="Source\Public\Core\GameModes\RTSGameModeEditor.h">
      <Filter>Public\Core\GameModes</Filter>
    </ClInclude>
    <ClInclude Include="Source\Public\Core\GameModes\RTSMainMenuGameMode.h">
      <Filter>Public\Core\GameModes</Filter>
    </ClInclude>
    <ClInclude Include="Source\Public\UI\EditorPauseMenu.h">
      <Filter>Public\UI</Filter>
    </ClInclude>
    <ClInclude Include="Source\Public\UI\EditorUserUI.h">
      <Filter>Public\UI</Filter>
    </ClInclude>
    <ClInclude Include="Source\Public\UI\GamePauseMenu.h">
      <Filter>Public\UI</Filter>
    </ClInclude>
    <ClInclude Include="Source\Public\UI\GameUserUI.h">
      <Filter>Public\UI</Filter>
    </ClInclude>
    <ClInclude Include="Source\Public\UI\MainMenu.h">
      <Filter>Public\UI</Filter>
    </ClInclude>
    <ClInclude Include="Source\Public\UI\PersistentMenu.h">
      <Filter>Public\UI</Filter>
    </ClInclude>
    <ClInclude Include="Source\Public\ECS\MyScreenSelectionEntity.h">
      <Filter>Public\ECS</Filter>
    </ClInclude>
    <ClInclude Include="Source\Public\Core\RTSAssetCollection.h">
      <Filter>Public\Core</Filter>
    </ClInclude>
    <ClInclude Include="Source\Public\UI\Widgets\FactoryWidget.h">
      <Filter>Public\UI\Widgets</Filter>
    </ClInclude>
    <ClInclude Include="Source\Public\ECS\InteractableEntityBase.h">
      <Filter>Public\ECS</Filter>
    </ClInclude>
    <ClInclude Include="Source\Public\ECS\BulletProjectileEntity.h">
      <Filter>Public\ECS</Filter>
    </ClInclude>
    <ClInclude Include="Source\Public\Core\UserResources.h">
      <Filter>Public\Core</Filter>
    </ClInclude>
    <ClInclude Include="Source\Public\Core\RTSPlayerController.h">
      <Filter>Public\Core</Filter>
    </ClInclude>
    <ClInclude Include="Source\Public\Core\RTSState.h">
      <Filter>Public\Core</Filter>
    </ClInclude>
    <ClInclude Include="Source\Public\UI\Widgets\UnitWidget.h">
      <Filter>Public\UI\Widgets</Filter>
    </ClInclude>
    <ClInclude Include="Source\Public\Core\RTSHUD.h">
      <Filter>Public\Core</Filter>
    </ClInclude>
    <ClInclude Include="Source\Public\UI\Widgets\FactoryUnitWidget.h">
      <Filter>Public\UI\Widgets</Filter>
    </ClInclude>
    <ClInclude Include="Source\Public\ECS\Units\MeleeUnitBase.h">
      <Filter>Public\ECS\Units</Filter>
    </ClInclude>
    <ClInclude Include="Source\Public\ECS\Units\RangedUnitBase.h">
      <Filter>Public\ECS\Units</Filter>
    </ClInclude>
  </ItemGroup>
  <ItemGroup>
    <ClCompile Include="Source\GamePCH.cpp">
      <Filter>
      </Filter>
    </ClCompile>
    <ClCompile Include="Source\Private\Core\RTSGameEngine.cpp">
      <Filter>Private\Core</Filter>
    </ClCompile>
    <ClCompile Include="Source\Private\ECS\UnitBase.cpp">
      <Filter>Private\ECS</Filter>
    </ClCompile>
    <ClCompile Include="Source\Private\ECS\UnitFactoryBase.cpp">
      <Filter>Private\ECS</Filter>
    </ClCompile>
    <ClCompile Include="Source\Private\Project.cpp">
      <Filter>Private</Filter>
    </ClCompile>
    <ClCompile Include="Source\Private\Core\GameModes\RTSGameMode.cpp">
      <Filter>Private\Core\GameModes</Filter>
    </ClCompile>
    <ClCompile Include="Source\Private\Core\GameModes\RTSGameModeEditor.cpp">
      <Filter>Private\Core\GameModes</Filter>
    </ClCompile>
    <ClCompile Include="Source\Private\Core\GameModes\RTSMainMenuGameMode.cpp">
      <Filter>Private\Core\GameModes</Filter>
    </ClCompile>
    <ClCompile Include="Source\Private\UI\EditorPauseMenu.cpp">
      <Filter>Private\UI</Filter>
    </ClCompile>
    <ClCompile Include="Source\Private\UI\EditorUserUI.cpp">
      <Filter>Private\UI</Filter>
    </ClCompile>
    <ClCompile Include="Source\Private\UI\GamePauseMenu.cpp">
      <Filter>Private\UI</Filter>
    </ClCompile>
    <ClCompile Include="Source\Private\UI\GameUserUI.cpp">
      <Filter>Private\UI</Filter>
    </ClCompile>
    <ClCompile Include="Source\Private\UI\MainMenu.cpp">
      <Filter>Private\UI</Filter>
    </ClCompile>
    <ClCompile Include="Source\Private\UI\PersistentMenu.cpp">
      <Filter>Private\UI</Filter>
    </ClCompile>
    <ClCompile Include="Source\Private\ECS\MyScreenSelectionEntity.cpp">
      <Filter>Private\ECS</Filter>
    </ClCompile>
    <ClCompile Include="Source\Private\UI\Widgets\FactoryWidget.cpp">
      <Filter>Private\UI\Widgets</Filter>
    </ClCompile>
    <ClCompile Include="Source\Private\ECS\InteractableEntityBase.cpp">
      <Filter>Private\ECS</Filter>
    </ClCompile>
    <ClCompile Include="Source\Private\ECS\BulletProjectileEntity.cpp">
      <Filter>Private\ECS</Filter>
    </ClCompile>
    <ClCompile Include="Source\Private\Core\UserResources.cpp">
      <Filter>Private\Core</Filter>
    </ClCompile>
    <ClCompile Include="Source\Private\Core\RTSPlayerController.cpp">
      <Filter>Private\Core</Filter>
    </ClCompile>
    <ClCompile Include="Source\Private\Core\RTSState.cpp">
      <Filter>Private\Core</Filter>
    </ClCompile>
    <ClCompile Include="Source\Private\UI\Widgets\UnitWidget.cpp">
      <Filter>Private\UI\Widgets</Filter>
    </ClCompile>
    <ClCompile Include="Source\Private\Core\RTSHUD.cpp">
      <Filter>Private\Core</Filter>
    </ClCompile>
    <ClCompile Include="Source\Private\UI\Widgets\FactoryUnitWidget.cpp">
      <Filter>Private\UI\Widgets</Filter>
    </ClCompile>
    <ClCompile Include="Source\Private\ECS\Units\MeleeUnitBase.cpp">
      <Filter>Private\ECS\Units</Filter>
    </ClCompile>
    <ClCompile Include="Source\Private\ECS\Units\RangedUnitBase.cpp">
      <Filter>Private\ECS\Units</Filter>
    </ClCompile>
  </ItemGroup>
</Project>