<?xml version="1.0" encoding="utf-8"?>
<Project ToolsVersion="4.0" xmlns="http://schemas.microsoft.com/developer/msbuild/2003">
  <ItemGroup>
    <ClCompile Include="Source\GamePCH.cpp" />
    <ClCompile Include="Source\Private\Project.cpp">
      <Filter>Private</Filter>
    </ClCompile>
    <ClCompile Include="Source\Private\Core\ShooterGameEngine.cpp">
      <Filter>Private</Filter>
    </ClCompile>
    <ClCompile Include="Source\Private\GameMode.cpp">
      <Filter>Private</Filter>
    </ClCompile>
  </ItemGroup>
  <ItemGroup>
    <ClInclude Include="Source\GamePCH.h" />
    <ClInclude Include="Source\Public\Project.h">
      <Filter>Public</Filter>
    </ClInclude>
    <ClInclude Include="Source\Public\Core\ShooterGameEngine.h">
      <Filter>Public</Filter>
    </ClInclude>
    <ClInclude Include="Source\Public\GameMode.h">
      <Filter>Public</Filter>
    </ClInclude>
  </ItemGroup>
  <ItemGroup>
    <Filter Include="Public">
      <UniqueIdentifier>{7978e2e6-9c16-42f5-bd91-42575ca19280}</UniqueIdentifier>
    </Filter>
    <Filter Include="Private">
      <UniqueIdentifier>{be7db931-fbab-4455-a6a0-67ba111ec57e}</UniqueIdentifier>
    </Filter>
  </ItemGroup>
</Project>